<?xml version="1.0" encoding="utf-8"?>
<Project ToolsVersion="4.0" xmlns="http://schemas.microsoft.com/developer/msbuild/2003">
  <ItemGroup>
    <Filter Include="ソース ファイル">
      <UniqueIdentifier>{4FC737F1-C7A5-4376-A066-2A32D752A2FF}</UniqueIdentifier>
      <Extensions>cpp;c;cc;cxx;c++;cppm;ixx;def;odl;idl;hpj;bat;asm;asmx</Extensions>
    </Filter>
    <Filter Include="ヘッダー ファイル">
      <UniqueIdentifier>{93995380-89BD-4b04-88EB-625FBE52EBFB}</UniqueIdentifier>
      <Extensions>h;hh;hpp;hxx;h++;hm;inl;inc;ipp;xsd</Extensions>
    </Filter>
    <Filter Include="リソース ファイル">
      <UniqueIdentifier>{67DA6AB6-F800-4c08-8B7A-83BB121AAD01}</UniqueIdentifier>
      <Extensions>rc;ico;cur;bmp;dlg;rc2;rct;bin;rgs;gif;jpg;jpeg;jpe;resx;tiff;tif;png;wav;mfcribbon-ms</Extensions>
    </Filter>
    <Filter Include="ソース ファイル\Manager">
      <UniqueIdentifier>{54047b7a-5063-427a-b3aa-beac2632bde8}</UniqueIdentifier>
    </Filter>
    <Filter Include="ソース ファイル\Scenes">
      <UniqueIdentifier>{7c07210f-0ea6-4295-8482-57bf16373339}</UniqueIdentifier>
    </Filter>
    <Filter Include="ソース ファイル\Objects">
      <UniqueIdentifier>{72e74d3e-ba95-479b-8c7a-065a00c6a45c}</UniqueIdentifier>
    </Filter>
    <Filter Include="ソース ファイル\BaseClass">
      <UniqueIdentifier>{66868ab4-53aa-4eda-9ec7-d5b2e23d8e20}</UniqueIdentifier>
    </Filter>
  </ItemGroup>
  <ItemGroup>
    <ClCompile Include="main.cpp">
      <Filter>ソース ファイル</Filter>
    </ClCompile>
    <ClCompile Include="FrameRate.cpp">
      <Filter>ソース ファイル</Filter>
    </ClCompile>
    <ClCompile Include="Config.cpp">
      <Filter>ソース ファイル\Scenes</Filter>
    </ClCompile>
    <ClCompile Include="Menu.cpp">
      <Filter>ソース ファイル\Scenes</Filter>
    </ClCompile>
    <ClCompile Include="Game.cpp">
      <Filter>ソース ファイル\Scenes</Filter>
    </ClCompile>
    <ClCompile Include="Result.cpp">
      <Filter>ソース ファイル\Scenes</Filter>
    </ClCompile>
    <ClCompile Include="BaseObject.cpp">
      <Filter>ソース ファイル\BaseClass</Filter>
    </ClCompile>
    <ClCompile Include="BaseScene.cpp">
      <Filter>ソース ファイル\BaseClass</Filter>
    </ClCompile>
    <ClCompile Include="Acrobat.cpp">
      <Filter>ソース ファイル\Objects</Filter>
    </ClCompile>
    <ClCompile Include="Player.cpp">
      <Filter>ソース ファイル\Objects</Filter>
    </ClCompile>
    <ClCompile Include="SceneManager.cpp">
      <Filter>ソース ファイル\Manager</Filter>
    </ClCompile>
    <ClCompile Include="Background.cpp">
      <Filter>ソース ファイル\Objects</Filter>
    </ClCompile>
    <ClCompile Include="GameManager.cpp">
      <Filter>ソース ファイル\Manager</Filter>
    </ClCompile>
    <ClCompile Include="Collision.cpp">
      <Filter>ソース ファイル</Filter>
    </ClCompile>
    <ClCompile Include="AcrobatManager.cpp">
      <Filter>ソース ファイル\Manager</Filter>
    </ClCompile>
    <ClCompile Include="SoundManager.cpp">
      <Filter>ソース ファイル\Manager</Filter>
    </ClCompile>
  </ItemGroup>
  <ItemGroup>
    <ClInclude Include="FrameRate.h">
      <Filter>ソース ファイル</Filter>
    </ClInclude>
    <ClInclude Include="Collision.h">
      <Filter>ソース ファイル</Filter>
    </ClInclude>
    <ClInclude Include="Config.h">
      <Filter>ソース ファイル\Scenes</Filter>
    </ClInclude>
    <ClInclude Include="Menu.h">
      <Filter>ソース ファイル\Scenes</Filter>
    </ClInclude>
    <ClInclude Include="Game.h">
      <Filter>ソース ファイル\Scenes</Filter>
    </ClInclude>
    <ClInclude Include="Result.h">
      <Filter>ソース ファイル\Scenes</Filter>
    </ClInclude>
    <ClInclude Include="BaseObject.h">
      <Filter>ソース ファイル\BaseClass</Filter>
    </ClInclude>
    <ClInclude Include="BaseScene.h">
      <Filter>ソース ファイル\BaseClass</Filter>
    </ClInclude>
    <ClInclude Include="Acrobat.h">
      <Filter>ソース ファイル\Objects</Filter>
    </ClInclude>
    <ClInclude Include="Player.h">
      <Filter>ソース ファイル\Objects</Filter>
    </ClInclude>
    <ClInclude Include="SceneManager.h">
      <Filter>ソース ファイル\Manager</Filter>
    </ClInclude>
    <ClInclude Include="Background.h">
      <Filter>ソース ファイル\Objects</Filter>
    </ClInclude>
    <ClInclude Include="GameManager.h">
      <Filter>ソース ファイル\Manager</Filter>
    </ClInclude>
    <ClInclude Include="AcrobatManager.h">
      <Filter>ソース ファイル\Manager</Filter>
    </ClInclude>
    <ClInclude Include="SoundManager.h">
      <Filter>ソース ファイル\Manager</Filter>
    </ClInclude>
  </ItemGroup>
</Project>